
Microsoft Visual Studio Solution File, Format Version 12.00
# Visual Studio Version 17
VisualStudioVersion = 17.4.33213.308
MinimumVisualStudioVersion = 10.0.40219.1
Project("{FAE04EC0-301F-11D3-BF4B-00C04F79EFBC}") = "WebApplicationLab4", "WebApplicationLab4\WebApplicationLab4.csproj", "{1C17D464-F8C7-485A-A27A-999E2C476093}"
EndProject
Global
	GlobalSection(SolutionConfigurationPlatforms) = preSolution
		Debug|Any CPU = Debug|Any CPU
		Release|Any CPU = Release|Any CPU
	EndGlobalSection
	GlobalSection(ProjectConfigurationPlatforms) = postSolution
		{1C17D464-F8C7-485A-A27A-999E2C476093}.Debug|Any CPU.ActiveCfg = Debug|Any CPU
		{1C17D464-F8C7-485A-A27A-999E2C476093}.Debug|Any CPU.Build.0 = Debug|Any CPU
		{1C17D464-F8C7-485A-A27A-999E2C476093}.Release|Any CPU.ActiveCfg = Release|Any CPU
		{1C17D464-F8C7-485A-A27A-999E2C476093}.Release|Any CPU.Build.0 = Release|Any CPU
	EndGlobalSection
	GlobalSection(SolutionProperties) = preSolution
		HideSolutionNode = FALSE
	EndGlobalSection
	GlobalSection(ExtensibilityGlobals) = postSolution
		SolutionGuid = {79FE6CB6-0FC4-4042-BD2F-0D9D317F0EFD}
	EndGlobalSection
EndGlobal
